
Microsoft Visual Studio Solution File, Format Version 12.00
# Visual Studio Version 17
VisualStudioVersion = 17.9.34728.123
MinimumVisualStudioVersion = 10.0.40219.1
Project("{FAE04EC0-301F-11D3-BF4B-00C04F79EFBC}") = "ItemIntegrationService", "ItemIntegrationService.csproj", "{3EA4C891-C7CB-4C16-AB2F-559FBC42645B}"
EndProject
Project("{FAE04EC0-301F-11D3-BF4B-00C04F79EFBC}") = "ItemIntegrationService.Core", "..\ItemIntegrationService.Core\ItemIntegrationService.Core.csproj", "{2AE813CF-4CB2-47DA-9076-0FC0BBA397C1}"
EndProject
Global
	GlobalSection(SolutionConfigurationPlatforms) = preSolution
		Debug|Any CPU = Debug|Any CPU
		Release|Any CPU = Release|Any CPU
	EndGlobalSection
	GlobalSection(ProjectConfigurationPlatforms) = postSolution
		{3EA4C891-C7CB-4C16-AB2F-559FBC42645B}.Debug|Any CPU.ActiveCfg = Debug|Any CPU
		{3EA4C891-C7CB-4C16-AB2F-559FBC42645B}.Debug|Any CPU.Build.0 = Debug|Any CPU
		{3EA4C891-C7CB-4C16-AB2F-559FBC42645B}.Release|Any CPU.ActiveCfg = Release|Any CPU
		{3EA4C891-C7CB-4C16-AB2F-559FBC42645B}.Release|Any CPU.Build.0 = Release|Any CPU
		{2AE813CF-4CB2-47DA-9076-0FC0BBA397C1}.Debug|Any CPU.ActiveCfg = Debug|Any CPU
		{2AE813CF-4CB2-47DA-9076-0FC0BBA397C1}.Debug|Any CPU.Build.0 = Debug|Any CPU
		{2AE813CF-4CB2-47DA-9076-0FC0BBA397C1}.Release|Any CPU.ActiveCfg = Release|Any CPU
		{2AE813CF-4CB2-47DA-9076-0FC0BBA397C1}.Release|Any CPU.Build.0 = Release|Any CPU
	EndGlobalSection
	GlobalSection(SolutionProperties) = preSolution
		HideSolutionNode = FALSE
	EndGlobalSection
	GlobalSection(ExtensibilityGlobals) = postSolution
		SolutionGuid = {06A58A31-0AEF-44CC-A2FC-23D7A8FC400F}
	EndGlobalSection
EndGlobal
